
Microsoft Visual Studio Solution File, Format Version 12.00
# Visual Studio Version 17
Project("{8BC9CEB8-8B4A-11D0-8D11-00A0C91BC942}") = "ALL_BUILD", "ALL_BUILD.vcxproj", "{3606EC19-955D-30DE-86BF-7D832E80FA30}"
	ProjectSection(ProjectDependencies) = postProject
		{0408559B-40E2-306E-BC63-31456AF2E400} = {0408559B-40E2-306E-BC63-31456AF2E400}
		{B7325F41-A67F-31AA-BC24-F480BE6D3CD5} = {B7325F41-A67F-31AA-BC24-F480BE6D3CD5}
	EndProjectSection
EndProject
Project("{8BC9CEB8-8B4A-11D0-8D11-00A0C91BC942}") = "ZERO_CHECK", "ZERO_CHECK.vcxproj", "{0408559B-40E2-306E-BC63-31456AF2E400}"
	ProjectSection(ProjectDependencies) = postProject
	EndProjectSection
EndProject
Project("{8BC9CEB8-8B4A-11D0-8D11-00A0C91BC942}") = "crow_api", "crow_api.vcxproj", "{B7325F41-A67F-31AA-BC24-F480BE6D3CD5}"
	ProjectSection(ProjectDependencies) = postProject
		{0408559B-40E2-306E-BC63-31456AF2E400} = {0408559B-40E2-306E-BC63-31456AF2E400}
	EndProjectSection
EndProject
Global
	GlobalSection(SolutionConfigurationPlatforms) = preSolution
		Debug|x64 = Debug|x64
		Release|x64 = Release|x64
		MinSizeRel|x64 = MinSizeRel|x64
		RelWithDebInfo|x64 = RelWithDebInfo|x64
	EndGlobalSection
	GlobalSection(ProjectConfigurationPlatforms) = postSolution
		{3606EC19-955D-30DE-86BF-7D832E80FA30}.Debug|x64.ActiveCfg = Debug|x64
		{3606EC19-955D-30DE-86BF-7D832E80FA30}.Release|x64.ActiveCfg = Release|x64
		{3606EC19-955D-30DE-86BF-7D832E80FA30}.MinSizeRel|x64.ActiveCfg = MinSizeRel|x64
		{3606EC19-955D-30DE-86BF-7D832E80FA30}.RelWithDebInfo|x64.ActiveCfg = RelWithDebInfo|x64
		{0408559B-40E2-306E-BC63-31456AF2E400}.Debug|x64.ActiveCfg = Debug|x64
		{0408559B-40E2-306E-BC63-31456AF2E400}.Debug|x64.Build.0 = Debug|x64
		{0408559B-40E2-306E-BC63-31456AF2E400}.Release|x64.ActiveCfg = Release|x64
		{0408559B-40E2-306E-BC63-31456AF2E400}.Release|x64.Build.0 = Release|x64
		{0408559B-40E2-306E-BC63-31456AF2E400}.MinSizeRel|x64.ActiveCfg = MinSizeRel|x64
		{0408559B-40E2-306E-BC63-31456AF2E400}.MinSizeRel|x64.Build.0 = MinSizeRel|x64
		{0408559B-40E2-306E-BC63-31456AF2E400}.RelWithDebInfo|x64.ActiveCfg = RelWithDebInfo|x64
		{0408559B-40E2-306E-BC63-31456AF2E400}.RelWithDebInfo|x64.Build.0 = RelWithDebInfo|x64
		{B7325F41-A67F-31AA-BC24-F480BE6D3CD5}.Debug|x64.ActiveCfg = Debug|x64
		{B7325F41-A67F-31AA-BC24-F480BE6D3CD5}.Debug|x64.Build.0 = Debug|x64
		{B7325F41-A67F-31AA-BC24-F480BE6D3CD5}.Release|x64.ActiveCfg = Release|x64
		{B7325F41-A67F-31AA-BC24-F480BE6D3CD5}.Release|x64.Build.0 = Release|x64
		{B7325F41-A67F-31AA-BC24-F480BE6D3CD5}.MinSizeRel|x64.ActiveCfg = MinSizeRel|x64
		{B7325F41-A67F-31AA-BC24-F480BE6D3CD5}.MinSizeRel|x64.Build.0 = MinSizeRel|x64
		{B7325F41-A67F-31AA-BC24-F480BE6D3CD5}.RelWithDebInfo|x64.ActiveCfg = RelWithDebInfo|x64
		{B7325F41-A67F-31AA-BC24-F480BE6D3CD5}.RelWithDebInfo|x64.Build.0 = RelWithDebInfo|x64
	EndGlobalSection
	GlobalSection(ExtensibilityGlobals) = postSolution
		SolutionGuid = {2EF0D68E-257B-3414-B100-C7C09F8FC01D}
	EndGlobalSection
	GlobalSection(ExtensibilityAddIns) = postSolution
	EndGlobalSection
EndGlobal
